
Microsoft Visual Studio Solution File, Format Version 12.00
# Visual Studio Version 16
VisualStudioVersion = 16.0.31515.178
MinimumVisualStudioVersion = 10.0.40219.1
Project("{FAE04EC0-301F-11D3-BF4B-00C04F79EFBC}") = "ProductsAPI", "ProductsAPI.csproj", "{3883C389-E8F1-4626-8D3D-ED0967D7BC21}"
EndProject
Global
	GlobalSection(SolutionConfigurationPlatforms) = preSolution
		Debug|Any CPU = Debug|Any CPU
		Release|Any CPU = Release|Any CPU
	EndGlobalSection
	GlobalSection(ProjectConfigurationPlatforms) = postSolution
		{3883C389-E8F1-4626-8D3D-ED0967D7BC21}.Debug|Any CPU.ActiveCfg = Debug|Any CPU
		{3883C389-E8F1-4626-8D3D-ED0967D7BC21}.Debug|Any CPU.Build.0 = Debug|Any CPU
		{3883C389-E8F1-4626-8D3D-ED0967D7BC21}.Release|Any CPU.ActiveCfg = Release|Any CPU
		{3883C389-E8F1-4626-8D3D-ED0967D7BC21}.Release|Any CPU.Build.0 = Release|Any CPU
	EndGlobalSection
	GlobalSection(SolutionProperties) = preSolution
		HideSolutionNode = FALSE
	EndGlobalSection
	GlobalSection(ExtensibilityGlobals) = postSolution
		SolutionGuid = {69D9FEB7-F0E6-42F6-824B-10CEAC559E80}
	EndGlobalSection
EndGlobal
